
Microsoft Visual Studio Solution File, Format Version 12.00
# Visual Studio Version 17
VisualStudioVersion = 17.13.35919.96 d17.13
MinimumVisualStudioVersion = 10.0.40219.1
Project("{FAE04EC0-301F-11D3-BF4B-00C04F79EFBC}") = "MulloJExamen2P", "MulloJExamen2P\MulloJExamen2P.csproj", "{89D8312C-A8B7-42DC-845E-9D2406BFB6E4}"
EndProject
Global
	GlobalSection(SolutionConfigurationPlatforms) = preSolution
		Debug|Any CPU = Debug|Any CPU
		Release|Any CPU = Release|Any CPU
	EndGlobalSection
	GlobalSection(ProjectConfigurationPlatforms) = postSolution
		{89D8312C-A8B7-42DC-845E-9D2406BFB6E4}.Debug|Any CPU.ActiveCfg = Debug|Any CPU
		{89D8312C-A8B7-42DC-845E-9D2406BFB6E4}.Debug|Any CPU.Build.0 = Debug|Any CPU
		{89D8312C-A8B7-42DC-845E-9D2406BFB6E4}.Debug|Any CPU.Deploy.0 = Debug|Any CPU
		{89D8312C-A8B7-42DC-845E-9D2406BFB6E4}.Release|Any CPU.ActiveCfg = Release|Any CPU
		{89D8312C-A8B7-42DC-845E-9D2406BFB6E4}.Release|Any CPU.Build.0 = Release|Any CPU
		{89D8312C-A8B7-42DC-845E-9D2406BFB6E4}.Release|Any CPU.Deploy.0 = Release|Any CPU
	EndGlobalSection
	GlobalSection(SolutionProperties) = preSolution
		HideSolutionNode = FALSE
	EndGlobalSection
	GlobalSection(ExtensibilityGlobals) = postSolution
		SolutionGuid = {C8D179D3-B122-4BF4-B4B4-4E4C11DF36AF}
	EndGlobalSection
EndGlobal
